
Microsoft Visual Studio Solution File, Format Version 12.00
Project("{FAE04EC0-301F-11D3-BF4B-00C04F79EFBC}") = "TodoAPP", "TodoAPP\TodoAPP.csproj", "{87C2DC35-01E4-4DF8-85D0-FDEE8A051132}"
EndProject
Global
	GlobalSection(SolutionConfigurationPlatforms) = preSolution
		Debug|Any CPU = Debug|Any CPU
		Release|Any CPU = Release|Any CPU
	EndGlobalSection
	GlobalSection(ProjectConfigurationPlatforms) = postSolution
		{87C2DC35-01E4-4DF8-85D0-FDEE8A051132}.Debug|Any CPU.ActiveCfg = Debug|Any CPU
		{87C2DC35-01E4-4DF8-85D0-FDEE8A051132}.Debug|Any CPU.Build.0 = Debug|Any CPU
		{87C2DC35-01E4-4DF8-85D0-FDEE8A051132}.Release|Any CPU.ActiveCfg = Release|Any CPU
		{87C2DC35-01E4-4DF8-85D0-FDEE8A051132}.Release|Any CPU.Build.0 = Release|Any CPU
	EndGlobalSection
EndGlobal
